// !$*UTF8*$!
{
	archiveVersion = 1;
	classes = {
	};
	objectVersion = 55;
	objects = {

/* Begin PBXBuildFile section */
		58585442292A61BC00B7AFCF /* AppDelegate.m in Sources */ = {isa = PBXBuildFile; fileRef = 58585441292A61BC00B7AFCF /* AppDelegate.m */; };
		58585445292A61BC00B7AFCF /* SceneDelegate.m in Sources */ = {isa = PBXBuildFile; fileRef = 58585444292A61BC00B7AFCF /* SceneDelegate.m */; };
		58585448292A61BC00B7AFCF /* ViewController.m in Sources */ = {isa = PBXBuildFile; fileRef = 58585447292A61BC00B7AFCF /* ViewController.m */; };
		5858544B292A61BC00B7AFCF /* Main.storyboard in Resources */ = {isa = PBXBuildFile; fileRef = 58585449292A61BC00B7AFCF /* Main.storyboard */; };
		5858544D292A61BE00B7AFCF /* Assets.xcassets in Resources */ = {isa = PBXBuildFile; fileRef = 5858544C292A61BE00B7AFCF /* Assets.xcassets */; };
		58585450292A61BE00B7AFCF /* LaunchScreen.storyboard in Resources */ = {isa = PBXBuildFile; fileRef = 5858544E292A61BE00B7AFCF /* LaunchScreen.storyboard */; };
		58585453292A61BE00B7AFCF /* main.m in Sources */ = {isa = PBXBuildFile; fileRef = 58585452292A61BE00B7AFCF /* main.m */; };
		5858545D292A61BE00B7AFCF /* URL_Scheme__Tests.m in Sources */ = {isa = PBXBuildFile; fileRef = 5858545C292A61BE00B7AFCF /* URL_Scheme__Tests.m */; };
		58585467292A61BE00B7AFCF /* URL_Scheme__UITests.m in Sources */ = {isa = PBXBuildFile; fileRef = 58585466292A61BE00B7AFCF /* URL_Scheme__UITests.m */; };
		58585469292A61BE00B7AFCF /* URL_Scheme__UITestsLaunchTests.m in Sources */ = {isa = PBXBuildFile; fileRef = 58585468292A61BE00B7AFCF /* URL_Scheme__UITestsLaunchTests.m */; };
/* End PBXBuildFile section */

/* Begin PBXContainerItemProxy section */
		58585459292A61BE00B7AFCF /* PBXContainerItemProxy */ = {
			isa = PBXContainerItemProxy;
			containerPortal = 58585435292A61BC00B7AFCF /* Project object */;
			proxyType = 1;
			remoteGlobalIDString = 5858543C292A61BC00B7AFCF;
			remoteInfo = "URL Scheme测试";
		};
		58585463292A61BE00B7AFCF /* PBXContainerItemProxy */ = {
			isa = PBXContainerItemProxy;
			containerPortal = 58585435292A61BC00B7AFCF /* Project object */;
			proxyType = 1;
			remoteGlobalIDString = 5858543C292A61BC00B7AFCF;
			remoteInfo = "URL Scheme测试";
		};
/* End PBXContainerItemProxy section */

/* Begin PBXFileReference section */
		5858543D292A61BC00B7AFCF /* URL Scheme测试.app */ = {isa = PBXFileReference; explicitFileType = wrapper.application; includeInIndex = 0; path = "URL Scheme测试.app"; sourceTree = BUILT_PRODUCTS_DIR; };
		58585440292A61BC00B7AFCF /* AppDelegate.h */ = {isa = PBXFileReference; lastKnownFileType = sourcecode.c.h; path = AppDelegate.h; sourceTree = "<group>"; };
		58585441292A61BC00B7AFCF /* AppDelegate.m */ = {isa = PBXFileReference; lastKnownFileType = sourcecode.c.objc; path = AppDelegate.m; sourceTree = "<group>"; };
		58585443292A61BC00B7AFCF /* SceneDelegate.h */ = {isa = PBXFileReference; lastKnownFileType = sourcecode.c.h; path = SceneDelegate.h; sourceTree = "<group>"; };
		58585444292A61BC00B7AFCF /* SceneDelegate.m */ = {isa = PBXFileReference; lastKnownFileType = sourcecode.c.objc; path = SceneDelegate.m; sourceTree = "<group>"; };
		58585446292A61BC00B7AFCF /* ViewController.h */ = {isa = PBXFileReference; lastKnownFileType = sourcecode.c.h; path = ViewController.h; sourceTree = "<group>"; };
		58585447292A61BC00B7AFCF /* ViewController.m */ = {isa = PBXFileReference; lastKnownFileType = sourcecode.c.objc; path = ViewController.m; sourceTree = "<group>"; };
		5858544A292A61BC00B7AFCF /* Base */ = {isa = PBXFileReference; lastKnownFileType = file.storyboard; name = Base; path = Base.lproj/Main.storyboard; sourceTree = "<group>"; };
		5858544C292A61BE00B7AFCF /* Assets.xcassets */ = {isa = PBXFileReference; lastKnownFileType = folder.assetcatalog; path = Assets.xcassets; sourceTree = "<group>"; };
		5858544F292A61BE00B7AFCF /* Base */ = {isa = PBXFileReference; lastKnownFileType = file.storyboard; name = Base; path = Base.lproj/LaunchScreen.storyboard; sourceTree = "<group>"; };
		58585451292A61BE00B7AFCF /* Info.plist */ = {isa = PBXFileReference; lastKnownFileType = text.plist.xml; path = Info.plist; sourceTree = "<group>"; };
		58585452292A61BE00B7AFCF /* main.m */ = {isa = PBXFileReference; lastKnownFileType = sourcecode.c.objc; path = main.m; sourceTree = "<group>"; };
		58585458292A61BE00B7AFCF /* URL Scheme测试Tests.xctest */ = {isa = PBXFileReference; explicitFileType = wrapper.cfbundle; includeInIndex = 0; path = "URL Scheme测试Tests.xctest"; sourceTree = BUILT_PRODUCTS_DIR; };
		5858545C292A61BE00B7AFCF /* URL_Scheme__Tests.m */ = {isa = PBXFileReference; lastKnownFileType = sourcecode.c.objc; path = URL_Scheme__Tests.m; sourceTree = "<group>"; };
		58585462292A61BE00B7AFCF /* URL Scheme测试UITests.xctest */ = {isa = PBXFileReference; explicitFileType = wrapper.cfbundle; includeInIndex = 0; path = "URL Scheme测试UITests.xctest"; sourceTree = BUILT_PRODUCTS_DIR; };
		58585466292A61BE00B7AFCF /* URL_Scheme__UITests.m */ = {isa = PBXFileReference; lastKnownFileType = sourcecode.c.objc; path = URL_Scheme__UITests.m; sourceTree = "<group>"; };
		58585468292A61BE00B7AFCF /* URL_Scheme__UITestsLaunchTests.m */ = {isa = PBXFileReference; lastKnownFileType = sourcecode.c.objc; path = URL_Scheme__UITestsLaunchTests.m; sourceTree = "<group>"; };
/* End PBXFileReference section */

/* Begin PBXFrameworksBuildPhase section */
		5858543A292A61BC00B7AFCF /* Frameworks */ = {
			isa = PBXFrameworksBuildPhase;
			buildActionMask = 2147483647;
			files = (
			);
			runOnlyForDeploymentPostprocessing = 0;
		};
		58585455292A61BE00B7AFCF /* Frameworks */ = {
			isa = PBXFrameworksBuildPhase;
			buildActionMask = 2147483647;
			files = (
			);
			runOnlyForDeploymentPostprocessing = 0;
		};
		5858545F292A61BE00B7AFCF /* Frameworks */ = {
			isa = PBXFrameworksBuildPhase;
			buildActionMask = 2147483647;
			files = (
			);
			runOnlyForDeploymentPostprocessing = 0;
		};
/* End PBXFrameworksBuildPhase section */

/* Begin PBXGroup section */
		58585434292A61BC00B7AFCF = {
			isa = PBXGroup;
			children = (
				5858543F292A61BC00B7AFCF /* URL Scheme测试 */,
				5858545B292A61BE00B7AFCF /* URL Scheme测试Tests */,
				58585465292A61BE00B7AFCF /* URL Scheme测试UITests */,
				5858543E292A61BC00B7AFCF /* Products */,
			);
			sourceTree = "<group>";
		};
		5858543E292A61BC00B7AFCF /* Products */ = {
			isa = PBXGroup;
			children = (
				5858543D292A61BC00B7AFCF /* URL Scheme测试.app */,
				58585458292A61BE00B7AFCF /* URL Scheme测试Tests.xctest */,
				58585462292A61BE00B7AFCF /* URL Scheme测试UITests.xctest */,
			);
			name = Products;
			sourceTree = "<group>";
		};
		5858543F292A61BC00B7AFCF /* URL Scheme测试 */ = {
			isa = PBXGroup;
			children = (
				58585440292A61BC00B7AFCF /* AppDelegate.h */,
				58585441292A61BC00B7AFCF /* AppDelegate.m */,
				58585443292A61BC00B7AFCF /* SceneDelegate.h */,
				58585444292A61BC00B7AFCF /* SceneDelegate.m */,
				58585446292A61BC00B7AFCF /* ViewController.h */,
				58585447292A61BC00B7AFCF /* ViewController.m */,
				58585449292A61BC00B7AFCF /* Main.storyboard */,
				5858544C292A61BE00B7AFCF /* Assets.xcassets */,
				5858544E292A61BE00B7AFCF /* LaunchScreen.storyboard */,
				58585451292A61BE00B7AFCF /* Info.plist */,
				58585452292A61BE00B7AFCF /* main.m */,
			);
			path = "URL Scheme测试";
			sourceTree = "<group>";
		};
		5858545B292A61BE00B7AFCF /* URL Scheme测试Tests */ = {
			isa = PBXGroup;
			children = (
				5858545C292A61BE00B7AFCF /* URL_Scheme__Tests.m */,
			);
			path = "URL Scheme测试Tests";
			sourceTree = "<group>";
		};
		58585465292A61BE00B7AFCF /* URL Scheme测试UITests */ = {
			isa = PBXGroup;
			children = (
				58585466292A61BE00B7AFCF /* URL_Scheme__UITests.m */,
				58585468292A61BE00B7AFCF /* URL_Scheme__UITestsLaunchTests.m */,
			);
			path = "URL Scheme测试UITests";
			sourceTree = "<group>";
		};
/* End PBXGroup section */

/* Begin PBXNativeTarget section */
		5858543C292A61BC00B7AFCF /* URL Scheme测试 */ = {
			isa = PBXNativeTarget;
			buildConfigurationList = 5858546C292A61BE00B7AFCF /* Build configuration list for PBXNativeTarget "URL Scheme测试" */;
			buildPhases = (
				58585439292A61BC00B7AFCF /* Sources */,
				5858543A292A61BC00B7AFCF /* Frameworks */,
				5858543B292A61BC00B7AFCF /* Resources */,
			);
			buildRules = (
			);
			dependencies = (
			);
			name = "URL Scheme测试";
			productName = "URL Scheme测试";
			productReference = 5858543D292A61BC00B7AFCF /* URL Scheme测试.app */;
			productType = "com.apple.product-type.application";
		};
		58585457292A61BE00B7AFCF /* URL Scheme测试Tests */ = {
			isa = PBXNativeTarget;
			buildConfigurationList = 5858546F292A61BE00B7AFCF /* Build configuration list for PBXNativeTarget "URL Scheme测试Tests" */;
			buildPhases = (
				58585454292A61BE00B7AFCF /* Sources */,
				58585455292A61BE00B7AFCF /* Frameworks */,
				58585456292A61BE00B7AFCF /* Resources */,
			);
			buildRules = (
			);
			dependencies = (
				5858545A292A61BE00B7AFCF /* PBXTargetDependency */,
			);
			name = "URL Scheme测试Tests";
			productName = "URL Scheme测试Tests";
			productReference = 58585458292A61BE00B7AFCF /* URL Scheme测试Tests.xctest */;
			productType = "com.apple.product-type.bundle.unit-test";
		};
		58585461292A61BE00B7AFCF /* URL Scheme测试UITests */ = {
			isa = PBXNativeTarget;
			buildConfigurationList = 58585472292A61BE00B7AFCF /* Build configuration list for PBXNativeTarget "URL Scheme测试UITests" */;
			buildPhases = (
				5858545E292A61BE00B7AFCF /* Sources */,
				5858545F292A61BE00B7AFCF /* Frameworks */,
				58585460292A61BE00B7AFCF /* Resources */,
			);
			buildRules = (
			);
			dependencies = (
				58585464292A61BE00B7AFCF /* PBXTargetDependency */,
			);
			name = "URL Scheme测试UITests";
			productName = "URL Scheme测试UITests";
			productReference = 58585462292A61BE00B7AFCF /* URL Scheme测试UITests.xctest */;
			productType = "com.apple.product-type.bundle.ui-testing";
		};
/* End PBXNativeTarget section */

/* Begin PBXProject section */
		58585435292A61BC00B7AFCF /* Project object */ = {
			isa = PBXProject;
			attributes = {
				BuildIndependentTargetsInParallel = 1;
				LastUpgradeCheck = 1340;
				TargetAttributes = {
					5858543C292A61BC00B7AFCF = {
						CreatedOnToolsVersion = 13.4;
					};
					58585457292A61BE00B7AFCF = {
						CreatedOnToolsVersion = 13.4;
						TestTargetID = 5858543C292A61BC00B7AFCF;
					};
					58585461292A61BE00B7AFCF = {
						CreatedOnToolsVersion = 13.4;
						TestTargetID = 5858543C292A61BC00B7AFCF;
					};
				};
			};
			buildConfigurationList = 58585438292A61BC00B7AFCF /* Build configuration list for PBXProject "URL Scheme测试" */;
			compatibilityVersion = "Xcode 13.0";
			developmentRegion = en;
			hasScannedForEncodings = 0;
			knownRegions = (
				en,
				Base,
			);
			mainGroup = 58585434292A61BC00B7AFCF;
			productRefGroup = 5858543E292A61BC00B7AFCF /* Products */;
			projectDirPath = "";
			projectRoot = "";
			targets = (
				5858543C292A61BC00B7AFCF /* URL Scheme测试 */,
				58585457292A61BE00B7AFCF /* URL Scheme测试Tests */,
				58585461292A61BE00B7AFCF /* URL Scheme测试UITests */,
			);
		};
/* End PBXProject section */

/* Begin PBXResourcesBuildPhase section */
		5858543B292A61BC00B7AFCF /* Resources */ = {
			isa = PBXResourcesBuildPhase;
			buildActionMask = 2147483647;
			files = (
				58585450292A61BE00B7AFCF /* LaunchScreen.storyboard in Resources */,
				5858544D292A61BE00B7AFCF /* Assets.xcassets in Resources */,
				5858544B292A61BC00B7AFCF /* Main.storyboard in Resources */,
			);
			runOnlyForDeploymentPostprocessing = 0;
		};
		58585456292A61BE00B7AFCF /* Resources */ = {
			isa = PBXResourcesBuildPhase;
			buildActionMask = 2147483647;
			files = (
			);
			runOnlyForDeploymentPostprocessing = 0;
		};
		58585460292A61BE00B7AFCF /* Resources */ = {
			isa = PBXResourcesBuildPhase;
			buildActionMask = 2147483647;
			files = (
			);
			runOnlyForDeploymentPostprocessing = 0;
		};
/* End PBXResourcesBuildPhase section */

/* Begin PBXSourcesBuildPhase section */
		58585439292A61BC00B7AFCF /* Sources */ = {
			isa = PBXSourcesBuildPhase;
			buildActionMask = 2147483647;
			files = (
				58585448292A61BC00B7AFCF /* ViewController.m in Sources */,
				58585442292A61BC00B7AFCF /* AppDelegate.m in Sources */,
				58585453292A61BE00B7AFCF /* main.m in Sources */,
				58585445292A61BC00B7AFCF /* SceneDelegate.m in Sources */,
			);
			runOnlyForDeploymentPostprocessing = 0;
		};
		58585454292A61BE00B7AFCF /* Sources */ = {
			isa = PBXSourcesBuildPhase;
			buildActionMask = 2147483647;
			files = (
				5858545D292A61BE00B7AFCF /* URL_Scheme__Tests.m in Sources */,
			);
			runOnlyForDeploymentPostprocessing = 0;
		};
		5858545E292A61BE00B7AFCF /* Sources */ = {
			isa = PBXSourcesBuildPhase;
			buildActionMask = 2147483647;
			files = (
				58585469292A61BE00B7AFCF /* URL_Scheme__UITestsLaunchTests.m in Sources */,
				58585467292A61BE00B7AFCF /* URL_Scheme__UITests.m in Sources */,
			);
			runOnlyForDeploymentPostprocessing = 0;
		};
/* End PBXSourcesBuildPhase section */

/* Begin PBXTargetDependency section */
		5858545A292A61BE00B7AFCF /* PBXTargetDependency */ = {
			isa = PBXTargetDependency;
			target = 5858543C292A61BC00B7AFCF /* URL Scheme测试 */;
			targetProxy = 58585459292A61BE00B7AFCF /* PBXContainerItemProxy */;
		};
		58585464292A61BE00B7AFCF /* PBXTargetDependency */ = {
			isa = PBXTargetDependency;
			target = 5858543C292A61BC00B7AFCF /* URL Scheme测试 */;
			targetProxy = 58585463292A61BE00B7AFCF /* PBXContainerItemProxy */;
		};
/* End PBXTargetDependency section */

/* Begin PBXVariantGroup section */
		58585449292A61BC00B7AFCF /* Main.storyboard */ = {
			isa = PBXVariantGroup;
			children = (
				5858544A292A61BC00B7AFCF /* Base */,
			);
			name = Main.storyboard;
			sourceTree = "<group>";
		};
		5858544E292A61BE00B7AFCF /* LaunchScreen.storyboard */ = {
			isa = PBXVariantGroup;
			children = (
				5858544F292A61BE00B7AFCF /* Base */,
			);
			name = LaunchScreen.storyboard;
			sourceTree = "<group>";
		};
/* End PBXVariantGroup section */

/* Begin XCBuildConfiguration section */
		5858546A292A61BE00B7AFCF /* Debug */ = {
			isa = XCBuildConfiguration;
			buildSettings = {
				ALWAYS_SEARCH_USER_PATHS = NO;
				CLANG_ANALYZER_NONNULL = YES;
				CLANG_ANALYZER_NUMBER_OBJECT_CONVERSION = YES_AGGRESSIVE;
				CLANG_CXX_LANGUAGE_STANDARD = "gnu++17";
				CLANG_ENABLE_MODULES = YES;
				CLANG_ENABLE_OBJC_ARC = YES;
				CLANG_ENABLE_OBJC_WEAK = YES;
				CLANG_WARN_BLOCK_CAPTURE_AUTORELEASING = YES;
				CLANG_WARN_BOOL_CONVERSION = YES;
				CLANG_WARN_COMMA = YES;
				CLANG_WARN_CONSTANT_CONVERSION = YES;
				CLANG_WARN_DEPRECATED_OBJC_IMPLEMENTATIONS = YES;
				CLANG_WARN_DIRECT_OBJC_ISA_USAGE = YES_ERROR;
				CLANG_WARN_DOCUMENTATION_COMMENTS = YES;
				CLANG_WARN_EMPTY_BODY = YES;
				CLANG_WARN_ENUM_CONVERSION = YES;
				CLANG_WARN_INFINITE_RECURSION = YES;
				CLANG_WARN_INT_CONVERSION = YES;
				CLANG_WARN_NON_LITERAL_NULL_CONVERSION = YES;
				CLANG_WARN_OBJC_IMPLICIT_RETAIN_SELF = YES;
				CLANG_WARN_OBJC_LITERAL_CONVERSION = YES;
				CLANG_WARN_OBJC_ROOT_CLASS = YES_ERROR;
				CLANG_WARN_QUOTED_INCLUDE_IN_FRAMEWORK_HEADER = YES;
				CLANG_WARN_RANGE_LOOP_ANALYSIS = YES;
				CLANG_WARN_STRICT_PROTOTYPES = YES;
				CLANG_WARN_SUSPICIOUS_MOVE = YES;
				CLANG_WARN_UNGUARDED_AVAILABILITY = YES_AGGRESSIVE;
				CLANG_WARN_UNREACHABLE_CODE = YES;
				CLANG_WARN__DUPLICATE_METHOD_MATCH = YES;
				COPY_PHASE_STRIP = NO;
				DEBUG_INFORMATION_FORMAT = dwarf;
				ENABLE_STRICT_OBJC_MSGSEND = YES;
				ENABLE_TESTABILITY = YES;
				GCC_C_LANGUAGE_STANDARD = gnu11;
				GCC_DYNAMIC_NO_PIC = NO;
				GCC_NO_COMMON_BLOCKS = YES;
				GCC_OPTIMIZATION_LEVEL = 0;
				GCC_PREPROCESSOR_DEFINITIONS = (
					"DEBUG=1",
					"$(inherited)",
				);
				GCC_WARN_64_TO_32_BIT_CONVERSION = YES;
				GCC_WARN_ABOUT_RETURN_TYPE = YES_ERROR;
				GCC_WARN_UNDECLARED_SELECTOR = YES;
				GCC_WARN_UNINITIALIZED_AUTOS = YES_AGGRESSIVE;
				GCC_WARN_UNUSED_FUNCTION = YES;
				GCC_WARN_UNUSED_VARIABLE = YES;
				IPHONEOS_DEPLOYMENT_TARGET = 15.5;
				MTL_ENABLE_DEBUG_INFO = INCLUDE_SOURCE;
				MTL_FAST_MATH = YES;
				ONLY_ACTIVE_ARCH = YES;
				SDKROOT = iphoneos;
			};
			name = Debug;
		};
		5858546B292A61BE00B7AFCF /* Release */ = {
			isa = XCBuildConfiguration;
			buildSettings = {
				ALWAYS_SEARCH_USER_PATHS = NO;
				CLANG_ANALYZER_NONNULL = YES;
				CLANG_ANALYZER_NUMBER_OBJECT_CONVERSION = YES_AGGRESSIVE;
				CLANG_CXX_LANGUAGE_STANDARD = "gnu++17";
				CLANG_ENABLE_MODULES = YES;
				CLANG_ENABLE_OBJC_ARC = YES;
				CLANG_ENABLE_OBJC_WEAK = YES;
				CLANG_WARN_BLOCK_CAPTURE_AUTORELEASING = YES;
				CLANG_WARN_BOOL_CONVERSION = YES;
				CLANG_WARN_COMMA = YES;
				CLANG_WARN_CONSTANT_CONVERSION = YES;
				CLANG_WARN_DEPRECATED_OBJC_IMPLEMENTATIONS = YES;
				CLANG_WARN_DIRECT_OBJC_ISA_USAGE = YES_ERROR;
				CLANG_WARN_DOCUMENTATION_COMMENTS = YES;
				CLANG_WARN_EMPTY_BODY = YES;
				CLANG_WARN_ENUM_CONVERSION = YES;
				CLANG_WARN_INFINITE_RECURSION = YES;
				CLANG_WARN_INT_CONVERSION = YES;
				CLANG_WARN_NON_LITERAL_NULL_CONVERSION = YES;
				CLANG_WARN_OBJC_IMPLICIT_RETAIN_SELF = YES;
				CLANG_WARN_OBJC_LITERAL_CONVERSION = YES;
				CLANG_WARN_OBJC_ROOT_CLASS = YES_ERROR;
				CLANG_WARN_QUOTED_INCLUDE_IN_FRAMEWORK_HEADER = YES;
				CLANG_WARN_RANGE_LOOP_ANALYSIS = YES;
				CLANG_WARN_STRICT_PROTOTYPES = YES;
				CLANG_WARN_SUSPICIOUS_MOVE = YES;
				CLANG_WARN_UNGUARDED_AVAILABILITY = YES_AGGRESSIVE;
				CLANG_WARN_UNREACHABLE_CODE = YES;
				CLANG_WARN__DUPLICATE_METHOD_MATCH = YES;
				COPY_PHASE_STRIP = NO;
				DEBUG_INFORMATION_FORMAT = "dwarf-with-dsym";
				ENABLE_NS_ASSERTIONS = NO;
				ENABLE_STRICT_OBJC_MSGSEND = YES;
				GCC_C_LANGUAGE_STANDARD = gnu11;
				GCC_NO_COMMON_BLOCKS = YES;
				GCC_WARN_64_TO_32_BIT_CONVERSION = YES;
				GCC_WARN_ABOUT_RETURN_TYPE = YES_ERROR;
				GCC_WARN_UNDECLARED_SELECTOR = YES;
				GCC_WARN_UNINITIALIZED_AUTOS = YES_AGGRESSIVE;
				GCC_WARN_UNUSED_FUNCTION = YES;
				GCC_WARN_UNUSED_VARIABLE = YES;
				IPHONEOS_DEPLOYMENT_TARGET = 15.5;
				MTL_ENABLE_DEBUG_INFO = NO;
				MTL_FAST_MATH = YES;
				SDKROOT = iphoneos;
				VALIDATE_PRODUCT = YES;
			};
			name = Release;
		};
		5858546D292A61BE00B7AFCF /* Debug */ = {
			isa = XCBuildConfiguration;
			buildSettings = {
				ASSETCATALOG_COMPILER_APPICON_NAME = AppIcon;
				ASSETCATALOG_COMPILER_GLOBAL_ACCENT_COLOR_NAME = AccentColor;
				CODE_SIGN_STYLE = Automatic;
				CURRENT_PROJECT_VERSION = 1;
				DEVELOPMENT_TEAM = 2K97J7XJC7;
				GENERATE_INFOPLIST_FILE = YES;
				INFOPLIST_FILE = "URL Scheme测试/Info.plist";
				INFOPLIST_KEY_UIApplicationSupportsIndirectInputEvents = YES;
				INFOPLIST_KEY_UILaunchStoryboardName = LaunchScreen;
				INFOPLIST_KEY_UIMainStoryboardFile = Main;
				INFOPLIST_KEY_UISupportedInterfaceOrientations_iPad = "UIInterfaceOrientationPortrait UIInterfaceOrientationPortraitUpsideDown UIInterfaceOrientationLandscapeLeft UIInterfaceOrientationLandscapeRight";
				INFOPLIST_KEY_UISupportedInterfaceOrientations_iPhone = "UIInterfaceOrientationPortrait UIInterfaceOrientationLandscapeLeft UIInterfaceOrientationLandscapeRight";
				LD_RUNPATH_SEARCH_PATHS = (
					"$(inherited)",
					"@executable_path/Frameworks",
				);
				MARKETING_VERSION = 1.0;
				PRODUCT_BUNDLE_IDENTIFIER = "-.URL-Scheme--";
				PRODUCT_NAME = "$(TARGET_NAME)";
				SWIFT_EMIT_LOC_STRINGS = YES;
				TARGETED_DEVICE_FAMILY = "1,2";
			};
			name = Debug;
		};
		5858546E292A61BE00B7AFCF /* Release */ = {
			isa = XCBuildConfiguration;
			buildSettings = {
				ASSETCATALOG_COMPILER_APPICON_NAME = AppIcon;
				ASSETCATALOG_COMPILER_GLOBAL_ACCENT_COLOR_NAME = AccentColor;
				CODE_SIGN_STYLE = Automatic;
				CURRENT_PROJECT_VERSION = 1;
				DEVELOPMENT_TEAM = 2K97J7XJC7;
				GENERATE_INFOPLIST_FILE = YES;
				INFOPLIST_FILE = "URL Scheme测试/Info.plist";
				INFOPLIST_KEY_UIApplicationSupportsIndirectInputEvents = YES;
				INFOPLIST_KEY_UILaunchStoryboardName = LaunchScreen;
				INFOPLIST_KEY_UIMainStoryboardFile = Main;
				INFOPLIST_KEY_UISupportedInterfaceOrientations_iPad = "UIInterfaceOrientationPortrait UIInterfaceOrientationPortraitUpsideDown UIInterfaceOrientationLandscapeLeft UIInterfaceOrientationLandscapeRight";
				INFOPLIST_KEY_UISupportedInterfaceOrientations_iPhone = "UIInterfaceOrientationPortrait UIInterfaceOrientationLandscapeLeft UIInterfaceOrientationLandscapeRight";
				LD_RUNPATH_SEARCH_PATHS = (
					"$(inherited)",
					"@executable_path/Frameworks",
				);
				MARKETING_VERSION = 1.0;
				PRODUCT_BUNDLE_IDENTIFIER = "-.URL-Scheme--";
				PRODUCT_NAME = "$(TARGET_NAME)";
				SWIFT_EMIT_LOC_STRINGS = YES;
				TARGETED_DEVICE_FAMILY = "1,2";
			};
			name = Release;
		};
		58585470292A61BE00B7AFCF /* Debug */ = {
			isa = XCBuildConfiguration;
			buildSettings = {
				BUNDLE_LOADER = "$(TEST_HOST)";
				CODE_SIGN_STYLE = Automatic;
				CURRENT_PROJECT_VERSION = 1;
				DEVELOPMENT_TEAM = 2K97J7XJC7;
				GENERATE_INFOPLIST_FILE = YES;
				IPHONEOS_DEPLOYMENT_TARGET = 15.5;
				MARKETING_VERSION = 1.0;
				PRODUCT_BUNDLE_IDENTIFIER = "-.URL-Scheme--Tests";
				PRODUCT_NAME = "$(TARGET_NAME)";
				SWIFT_EMIT_LOC_STRINGS = NO;
				TARGETED_DEVICE_FAMILY = "1,2";
				TEST_HOST = "$(BUILT_PRODUCTS_DIR)/URL Scheme测试.app/URL Scheme测试";
			};
			name = Debug;
		};
		58585471292A61BE00B7AFCF /* Release */ = {
			isa = XCBuildConfiguration;
			buildSettings = {
				BUNDLE_LOADER = "$(TEST_HOST)";
				CODE_SIGN_STYLE = Automatic;
				CURRENT_PROJECT_VERSION = 1;
				DEVELOPMENT_TEAM = 2K97J7XJC7;
				GENERATE_INFOPLIST_FILE = YES;
				IPHONEOS_DEPLOYMENT_TARGET = 15.5;
				MARKETING_VERSION = 1.0;
				PRODUCT_BUNDLE_IDENTIFIER = "-.URL-Scheme--Tests";
				PRODUCT_NAME = "$(TARGET_NAME)";
				SWIFT_EMIT_LOC_STRINGS = NO;
				TARGETED_DEVICE_FAMILY = "1,2";
				TEST_HOST = "$(BUILT_PRODUCTS_DIR)/URL Scheme测试.app/URL Scheme测试";
			};
			name = Release;
		};
		58585473292A61BE00B7AFCF /* Debug */ = {
			isa = XCBuildConfiguration;
			buildSettings = {
				CODE_SIGN_STYLE = Automatic;
				CURRENT_PROJECT_VERSION = 1;
				DEVELOPMENT_TEAM = 2K97J7XJC7;
				GENERATE_INFOPLIST_FILE = YES;
				MARKETING_VERSION = 1.0;
				PRODUCT_BUNDLE_IDENTIFIER = "-.URL-Scheme--UITests";
				PRODUCT_NAME = "$(TARGET_NAME)";
				SWIFT_EMIT_LOC_STRINGS = NO;
				TARGETED_DEVICE_FAMILY = "1,2";
				TEST_TARGET_NAME = "URL Scheme测试";
			};
			name = Debug;
		};
		58585474292A61BE00B7AFCF /* Release */ = {
			isa = XCBuildConfiguration;
			buildSettings = {
				CODE_SIGN_STYLE = Automatic;
				CURRENT_PROJECT_VERSION = 1;
				DEVELOPMENT_TEAM = 2K97J7XJC7;
				GENERATE_INFOPLIST_FILE = YES;
				MARKETING_VERSION = 1.0;
				PRODUCT_BUNDLE_IDENTIFIER = "-.URL-Scheme--UITests";
				PRODUCT_NAME = "$(TARGET_NAME)";
				SWIFT_EMIT_LOC_STRINGS = NO;
				TARGETED_DEVICE_FAMILY = "1,2";
				TEST_TARGET_NAME = "URL Scheme测试";
			};
			name = Release;
		};
/* End XCBuildConfiguration section */

/* Begin XCConfigurationList section */
		58585438292A61BC00B7AFCF /* Build configuration list for PBXProject "URL Scheme测试" */ = {
			isa = XCConfigurationList;
			buildConfigurations = (
				5858546A292A61BE00B7AFCF /* Debug */,
				5858546B292A61BE00B7AFCF /* Release */,
			);
			defaultConfigurationIsVisible = 0;
			defaultConfigurationName = Release;
		};
		5858546C292A61BE00B7AFCF /* Build configuration list for PBXNativeTarget "URL Scheme测试" */ = {
			isa = XCConfigurationList;
			buildConfigurations = (
				5858546D292A61BE00B7AFCF /* Debug */,
				5858546E292A61BE00B7AFCF /* Release */,
			);
			defaultConfigurationIsVisible = 0;
			defaultConfigurationName = Release;
		};
		5858546F292A61BE00B7AFCF /* Build configuration list for PBXNativeTarget "URL Scheme测试Tests" */ = {
			isa = XCConfigurationList;
			buildConfigurations = (
				58585470292A61BE00B7AFCF /* Debug */,
				58585471292A61BE00B7AFCF /* Release */,
			);
			defaultConfigurationIsVisible = 0;
			defaultConfigurationName = Release;
		};
		58585472292A61BE00B7AFCF /* Build configuration list for PBXNativeTarget "URL Scheme测试UITests" */ = {
			isa = XCConfigurationList;
			buildConfigurations = (
				58585473292A61BE00B7AFCF /* Debug */,
				58585474292A61BE00B7AFCF /* Release */,
			);
			defaultConfigurationIsVisible = 0;
			defaultConfigurationName = Release;
		};
/* End XCConfigurationList section */
	};
	rootObject = 58585435292A61BC00B7AFCF /* Project object */;
}
